
Microsoft Visual Studio Solution File, Format Version 12.00
Project("{FAE04EC0-301F-11D3-BF4B-00C04F79EFBC}") = "HomeWork12", "HomeWork12.csproj", "{C55ECA1D-CF6E-4C97-B9B1-E8A2E6EEEEAD}"
EndProject
Global
	GlobalSection(SolutionConfigurationPlatforms) = preSolution
		Debug|Any CPU = Debug|Any CPU
		Release|Any CPU = Release|Any CPU
	EndGlobalSection
	GlobalSection(ProjectConfigurationPlatforms) = postSolution
		{C55ECA1D-CF6E-4C97-B9B1-E8A2E6EEEEAD}.Debug|Any CPU.ActiveCfg = Debug|Any CPU
		{C55ECA1D-CF6E-4C97-B9B1-E8A2E6EEEEAD}.Debug|Any CPU.Build.0 = Debug|Any CPU
		{C55ECA1D-CF6E-4C97-B9B1-E8A2E6EEEEAD}.Release|Any CPU.ActiveCfg = Release|Any CPU
		{C55ECA1D-CF6E-4C97-B9B1-E8A2E6EEEEAD}.Release|Any CPU.Build.0 = Release|Any CPU
	EndGlobalSection
EndGlobal
